// !$*UTF8*$!
{
	archiveVersion = 1;
	classes = {
	};
	objectVersion = 56;
	objects = {

/* Begin PBXBuildFile section */
		815E32602DF0C364003E5117 /* ArticleCardView.swift in Sources */ = {isa = PBXBuildFile; fileRef = 815E325F2DF0C364003E5117 /* ArticleCardView.swift */; };
		815E32622DF0C3B4003E5117 /* ErrorView.swift in Sources */ = {isa = PBXBuildFile; fileRef = 815E32612DF0C3B4003E5117 /* ErrorView.swift */; };
		815E32642DF0CB3E003E5117 /* ImagePlaceholder.swift in Sources */ = {isa = PBXBuildFile; fileRef = 815E32632DF0CB3E003E5117 /* ImagePlaceholder.swift */; };
		815E32662DF0CB5A003E5117 /* SkeletonView.swift in Sources */ = {isa = PBXBuildFile; fileRef = 815E32652DF0CB5A003E5117 /* SkeletonView.swift */; };
		815E32682DF0CB76003E5117 /* LoadingIndicatorView.swift in Sources */ = {isa = PBXBuildFile; fileRef = 815E32672DF0CB76003E5117 /* LoadingIndicatorView.swift */; };
		81C28EA22DEF888600F7E6E5 /* SpaceFApp.swift in Sources */ = {isa = PBXBuildFile; fileRef = 81C28EA12DEF888600F7E6E5 /* SpaceFApp.swift */; };
		81C28EA62DEF888800F7E6E5 /* Assets.xcassets in Resources */ = {isa = PBXBuildFile; fileRef = 81C28EA52DEF888800F7E6E5 /* Assets.xcassets */; };
		81C28EA92DEF888800F7E6E5 /* Preview Assets.xcassets in Resources */ = {isa = PBXBuildFile; fileRef = 81C28EA82DEF888800F7E6E5 /* Preview Assets.xcassets */; };
		81C28EB32DEF888800F7E6E5 /* SpaceFTests.swift in Sources */ = {isa = PBXBuildFile; fileRef = 81C28EB22DEF888800F7E6E5 /* SpaceFTests.swift */; };
		81C28EBD2DEF888800F7E6E5 /* SpaceFUITests.swift in Sources */ = {isa = PBXBuildFile; fileRef = 81C28EBC2DEF888800F7E6E5 /* SpaceFUITests.swift */; };
		81C28EBF2DEF888800F7E6E5 /* SpaceFUITestsLaunchTests.swift in Sources */ = {isa = PBXBuildFile; fileRef = 81C28EBE2DEF888800F7E6E5 /* SpaceFUITestsLaunchTests.swift */; };
		81C28EF02DEF8E4800F7E6E5 /* Article.swift in Sources */ = {isa = PBXBuildFile; fileRef = 81C28EEF2DEF8E4800F7E6E5 /* Article.swift */; };
		81C28EF52DEF8EAE00F7E6E5 /* ArticleDetailView.swift in Sources */ = {isa = PBXBuildFile; fileRef = 81C28EF32DEF8EAE00F7E6E5 /* ArticleDetailView.swift */; };
		81C28EF62DEF8EAE00F7E6E5 /* ArticleListView.swift in Sources */ = {isa = PBXBuildFile; fileRef = 81C28EF42DEF8EAE00F7E6E5 /* ArticleListView.swift */; };
		81C28EF82DEF8EB600F7E6E5 /* ArticleListViewModel.swift in Sources */ = {isa = PBXBuildFile; fileRef = 81C28EF72DEF8EB600F7E6E5 /* ArticleListViewModel.swift */; };
		81C28EFB2DEF8EFB00F7E6E5 /* ArticleService.swift in Sources */ = {isa = PBXBuildFile; fileRef = 81C28EFA2DEF8EFB00F7E6E5 /* ArticleService.swift */; };
		81C28EFE2DEF943C00F7E6E5 /* AppError.swift in Sources */ = {isa = PBXBuildFile; fileRef = 81C28EFD2DEF943C00F7E6E5 /* AppError.swift */; };
/* End PBXBuildFile section */

/* Begin PBXContainerItemProxy section */
		81C28EAF2DEF888800F7E6E5 /* PBXContainerItemProxy */ = {
			isa = PBXContainerItemProxy;
			containerPortal = 81C28E962DEF888600F7E6E5 /* Project object */;
			proxyType = 1;
			remoteGlobalIDString = 81C28E9D2DEF888600F7E6E5;
			remoteInfo = SpaceF;
		};
		81C28EB92DEF888800F7E6E5 /* PBXContainerItemProxy */ = {
			isa = PBXContainerItemProxy;
			containerPortal = 81C28E962DEF888600F7E6E5 /* Project object */;
			proxyType = 1;
			remoteGlobalIDString = 81C28E9D2DEF888600F7E6E5;
			remoteInfo = SpaceF;
		};
/* End PBXContainerItemProxy section */

/* Begin PBXFileReference section */
		815E325F2DF0C364003E5117 /* ArticleCardView.swift */ = {isa = PBXFileReference; lastKnownFileType = sourcecode.swift; path = ArticleCardView.swift; sourceTree = "<group>"; };
		815E32612DF0C3B4003E5117 /* ErrorView.swift */ = {isa = PBXFileReference; lastKnownFileType = sourcecode.swift; path = ErrorView.swift; sourceTree = "<group>"; };
		815E32632DF0CB3E003E5117 /* ImagePlaceholder.swift */ = {isa = PBXFileReference; lastKnownFileType = sourcecode.swift; path = ImagePlaceholder.swift; sourceTree = "<group>"; };
		815E32652DF0CB5A003E5117 /* SkeletonView.swift */ = {isa = PBXFileReference; lastKnownFileType = sourcecode.swift; path = SkeletonView.swift; sourceTree = "<group>"; };
		815E32672DF0CB76003E5117 /* LoadingIndicatorView.swift */ = {isa = PBXFileReference; lastKnownFileType = sourcecode.swift; path = LoadingIndicatorView.swift; sourceTree = "<group>"; };
		81C28E9E2DEF888600F7E6E5 /* SpaceF.app */ = {isa = PBXFileReference; explicitFileType = wrapper.application; includeInIndex = 0; path = SpaceF.app; sourceTree = BUILT_PRODUCTS_DIR; };
		81C28EA12DEF888600F7E6E5 /* SpaceFApp.swift */ = {isa = PBXFileReference; lastKnownFileType = sourcecode.swift; path = SpaceFApp.swift; sourceTree = "<group>"; };
		81C28EA52DEF888800F7E6E5 /* Assets.xcassets */ = {isa = PBXFileReference; lastKnownFileType = folder.assetcatalog; path = Assets.xcassets; sourceTree = "<group>"; };
		81C28EA82DEF888800F7E6E5 /* Preview Assets.xcassets */ = {isa = PBXFileReference; lastKnownFileType = folder.assetcatalog; path = "Preview Assets.xcassets"; sourceTree = "<group>"; };
		81C28EAE2DEF888800F7E6E5 /* SpaceFTests.xctest */ = {isa = PBXFileReference; explicitFileType = wrapper.cfbundle; includeInIndex = 0; path = SpaceFTests.xctest; sourceTree = BUILT_PRODUCTS_DIR; };
		81C28EB22DEF888800F7E6E5 /* SpaceFTests.swift */ = {isa = PBXFileReference; lastKnownFileType = sourcecode.swift; path = SpaceFTests.swift; sourceTree = "<group>"; };
		81C28EB82DEF888800F7E6E5 /* SpaceFUITests.xctest */ = {isa = PBXFileReference; explicitFileType = wrapper.cfbundle; includeInIndex = 0; path = SpaceFUITests.xctest; sourceTree = BUILT_PRODUCTS_DIR; };
		81C28EBC2DEF888800F7E6E5 /* SpaceFUITests.swift */ = {isa = PBXFileReference; lastKnownFileType = sourcecode.swift; path = SpaceFUITests.swift; sourceTree = "<group>"; };
		81C28EBE2DEF888800F7E6E5 /* SpaceFUITestsLaunchTests.swift */ = {isa = PBXFileReference; lastKnownFileType = sourcecode.swift; path = SpaceFUITestsLaunchTests.swift; sourceTree = "<group>"; };
		81C28EEF2DEF8E4800F7E6E5 /* Article.swift */ = {isa = PBXFileReference; fileEncoding = 4; lastKnownFileType = sourcecode.swift; path = Article.swift; sourceTree = "<group>"; };
		81C28EF32DEF8EAE00F7E6E5 /* ArticleDetailView.swift */ = {isa = PBXFileReference; fileEncoding = 4; lastKnownFileType = sourcecode.swift; path = ArticleDetailView.swift; sourceTree = "<group>"; };
		81C28EF42DEF8EAE00F7E6E5 /* ArticleListView.swift */ = {isa = PBXFileReference; fileEncoding = 4; lastKnownFileType = sourcecode.swift; path = ArticleListView.swift; sourceTree = "<group>"; };
		81C28EF72DEF8EB600F7E6E5 /* ArticleListViewModel.swift */ = {isa = PBXFileReference; fileEncoding = 4; lastKnownFileType = sourcecode.swift; path = ArticleListViewModel.swift; sourceTree = "<group>"; };
		81C28EFA2DEF8EFB00F7E6E5 /* ArticleService.swift */ = {isa = PBXFileReference; fileEncoding = 4; lastKnownFileType = sourcecode.swift; path = ArticleService.swift; sourceTree = "<group>"; };
		81C28EFD2DEF943C00F7E6E5 /* AppError.swift */ = {isa = PBXFileReference; fileEncoding = 4; lastKnownFileType = sourcecode.swift; path = AppError.swift; sourceTree = "<group>"; };
/* End PBXFileReference section */

/* Begin PBXFrameworksBuildPhase section */
		81C28E9B2DEF888600F7E6E5 /* Frameworks */ = {
			isa = PBXFrameworksBuildPhase;
			buildActionMask = 2147483647;
			files = (
			);
			runOnlyForDeploymentPostprocessing = 0;
		};
		81C28EAB2DEF888800F7E6E5 /* Frameworks */ = {
			isa = PBXFrameworksBuildPhase;
			buildActionMask = 2147483647;
			files = (
			);
			runOnlyForDeploymentPostprocessing = 0;
		};
		81C28EB52DEF888800F7E6E5 /* Frameworks */ = {
			isa = PBXFrameworksBuildPhase;
			buildActionMask = 2147483647;
			files = (
			);
			runOnlyForDeploymentPostprocessing = 0;
		};
/* End PBXFrameworksBuildPhase section */

/* Begin PBXGroup section */
		815E326B2DF89765003E5117 /* Presentation */ = {
			isa = PBXGroup;
			children = (
				81C28EF12DEF8E7B00F7E6E5 /* ViewModels */,
				81C28EF22DEF8E8300F7E6E5 /* Views */,
				815E326C2DF8A81E003E5117 /* Components */,
			);
			path = Presentation;
			sourceTree = "<group>";
		};
		815E326C2DF8A81E003E5117 /* Components */ = {
			isa = PBXGroup;
			children = (
				815E32652DF0CB5A003E5117 /* SkeletonView.swift */,
				815E32612DF0C3B4003E5117 /* ErrorView.swift */,
				815E32672DF0CB76003E5117 /* LoadingIndicatorView.swift */,
				815E32632DF0CB3E003E5117 /* ImagePlaceholder.swift */,
			);
			path = Components;
			sourceTree = "<group>";
		};
		81C28E952DEF888600F7E6E5 = {
			isa = PBXGroup;
			children = (
				81C28EA02DEF888600F7E6E5 /* SpaceF */,
				81C28EB12DEF888800F7E6E5 /* SpaceFTests */,
				81C28EBB2DEF888800F7E6E5 /* SpaceFUITests */,
				81C28E9F2DEF888600F7E6E5 /* Products */,
			);
			sourceTree = "<group>";
		};
		81C28E9F2DEF888600F7E6E5 /* Products */ = {
			isa = PBXGroup;
			children = (
				81C28E9E2DEF888600F7E6E5 /* SpaceF.app */,
				81C28EAE2DEF888800F7E6E5 /* SpaceFTests.xctest */,
				81C28EB82DEF888800F7E6E5 /* SpaceFUITests.xctest */,
			);
			name = Products;
			sourceTree = "<group>";
		};
		81C28EA02DEF888600F7E6E5 /* SpaceF */ = {
			isa = PBXGroup;
			children = (
				815E326B2DF89765003E5117 /* Presentation */,
				81C28EEE2DEF8E2600F7E6E5 /* Models */,
				81C28EF92DEF8EEA00F7E6E5 /* Services */,
				81C28EFC2DEF942B00F7E6E5 /* Utils */,
				81C28EA12DEF888600F7E6E5 /* SpaceFApp.swift */,
				81C28EA52DEF888800F7E6E5 /* Assets.xcassets */,
				81C28EA72DEF888800F7E6E5 /* Preview Content */,
			);
			path = SpaceF;
			sourceTree = "<group>";
		};
		81C28EA72DEF888800F7E6E5 /* Preview Content */ = {
			isa = PBXGroup;
			children = (
				81C28EA82DEF888800F7E6E5 /* Preview Assets.xcassets */,
			);
			path = "Preview Content";
			sourceTree = "<group>";
		};
		81C28EB12DEF888800F7E6E5 /* SpaceFTests */ = {
			isa = PBXGroup;
			children = (
				81C28EB22DEF888800F7E6E5 /* SpaceFTests.swift */,
			);
			path = SpaceFTests;
			sourceTree = "<group>";
		};
		81C28EBB2DEF888800F7E6E5 /* SpaceFUITests */ = {
			isa = PBXGroup;
			children = (
				81C28EBC2DEF888800F7E6E5 /* SpaceFUITests.swift */,
				81C28EBE2DEF888800F7E6E5 /* SpaceFUITestsLaunchTests.swift */,
			);
			path = SpaceFUITests;
			sourceTree = "<group>";
		};
		81C28EEE2DEF8E2600F7E6E5 /* Models */ = {
			isa = PBXGroup;
			children = (
				81C28EEF2DEF8E4800F7E6E5 /* Article.swift */,
			);
			path = Models;
			sourceTree = "<group>";
		};
		81C28EF12DEF8E7B00F7E6E5 /* ViewModels */ = {
			isa = PBXGroup;
			children = (
				81C28EF72DEF8EB600F7E6E5 /* ArticleListViewModel.swift */,
			);
			path = ViewModels;
			sourceTree = "<group>";
		};
		81C28EF22DEF8E8300F7E6E5 /* Views */ = {
			isa = PBXGroup;
			children = (
				81C28EF32DEF8EAE00F7E6E5 /* ArticleDetailView.swift */,
				81C28EF42DEF8EAE00F7E6E5 /* ArticleListView.swift */,
				815E325F2DF0C364003E5117 /* ArticleCardView.swift */,
			);
			path = Views;
			sourceTree = "<group>";
		};
		81C28EF92DEF8EEA00F7E6E5 /* Services */ = {
			isa = PBXGroup;
			children = (
				81C28EFA2DEF8EFB00F7E6E5 /* ArticleService.swift */,
			);
			path = Services;
			sourceTree = "<group>";
		};
		81C28EFC2DEF942B00F7E6E5 /* Utils */ = {
			isa = PBXGroup;
			children = (
				81C28EFD2DEF943C00F7E6E5 /* AppError.swift */,
			);
			path = Utils;
			sourceTree = "<group>";
		};
/* End PBXGroup section */

/* Begin PBXNativeTarget section */
		81C28E9D2DEF888600F7E6E5 /* SpaceF */ = {
			isa = PBXNativeTarget;
			buildConfigurationList = 81C28EC22DEF888800F7E6E5 /* Build configuration list for PBXNativeTarget "SpaceF" */;
			buildPhases = (
				81C28E9A2DEF888600F7E6E5 /* Sources */,
				81C28E9B2DEF888600F7E6E5 /* Frameworks */,
				81C28E9C2DEF888600F7E6E5 /* Resources */,
			);
			buildRules = (
			);
			dependencies = (
			);
			name = SpaceF;
			productName = SpaceF;
			productReference = 81C28E9E2DEF888600F7E6E5 /* SpaceF.app */;
			productType = "com.apple.product-type.application";
		};
		81C28EAD2DEF888800F7E6E5 /* SpaceFTests */ = {
			isa = PBXNativeTarget;
			buildConfigurationList = 81C28EC52DEF888800F7E6E5 /* Build configuration list for PBXNativeTarget "SpaceFTests" */;
			buildPhases = (
				81C28EAA2DEF888800F7E6E5 /* Sources */,
				81C28EAB2DEF888800F7E6E5 /* Frameworks */,
				81C28EAC2DEF888800F7E6E5 /* Resources */,
			);
			buildRules = (
			);
			dependencies = (
				81C28EB02DEF888800F7E6E5 /* PBXTargetDependency */,
			);
			name = SpaceFTests;
			productName = SpaceFTests;
			productReference = 81C28EAE2DEF888800F7E6E5 /* SpaceFTests.xctest */;
			productType = "com.apple.product-type.bundle.unit-test";
		};
		81C28EB72DEF888800F7E6E5 /* SpaceFUITests */ = {
			isa = PBXNativeTarget;
			buildConfigurationList = 81C28EC82DEF888800F7E6E5 /* Build configuration list for PBXNativeTarget "SpaceFUITests" */;
			buildPhases = (
				81C28EB42DEF888800F7E6E5 /* Sources */,
				81C28EB52DEF888800F7E6E5 /* Frameworks */,
				81C28EB62DEF888800F7E6E5 /* Resources */,
			);
			buildRules = (
			);
			dependencies = (
				81C28EBA2DEF888800F7E6E5 /* PBXTargetDependency */,
			);
			name = SpaceFUITests;
			productName = SpaceFUITests;
			productReference = 81C28EB82DEF888800F7E6E5 /* SpaceFUITests.xctest */;
			productType = "com.apple.product-type.bundle.ui-testing";
		};
/* End PBXNativeTarget section */

/* Begin PBXProject section */
		81C28E962DEF888600F7E6E5 /* Project object */ = {
			isa = PBXProject;
			attributes = {
				BuildIndependentTargetsInParallel = 1;
				LastSwiftUpdateCheck = 1540;
				LastUpgradeCheck = 1540;
				TargetAttributes = {
					81C28E9D2DEF888600F7E6E5 = {
						CreatedOnToolsVersion = 15.4;
					};
					81C28EAD2DEF888800F7E6E5 = {
						CreatedOnToolsVersion = 15.4;
						TestTargetID = 81C28E9D2DEF888600F7E6E5;
					};
					81C28EB72DEF888800F7E6E5 = {
						CreatedOnToolsVersion = 15.4;
						TestTargetID = 81C28E9D2DEF888600F7E6E5;
					};
				};
			};
			buildConfigurationList = 81C28E992DEF888600F7E6E5 /* Build configuration list for PBXProject "SpaceF" */;
			compatibilityVersion = "Xcode 14.0";
			developmentRegion = en;
			hasScannedForEncodings = 0;
			knownRegions = (
				en,
				Base,
			);
			mainGroup = 81C28E952DEF888600F7E6E5;
			productRefGroup = 81C28E9F2DEF888600F7E6E5 /* Products */;
			projectDirPath = "";
			projectRoot = "";
			targets = (
				81C28E9D2DEF888600F7E6E5 /* SpaceF */,
				81C28EAD2DEF888800F7E6E5 /* SpaceFTests */,
				81C28EB72DEF888800F7E6E5 /* SpaceFUITests */,
			);
		};
/* End PBXProject section */

/* Begin PBXResourcesBuildPhase section */
		81C28E9C2DEF888600F7E6E5 /* Resources */ = {
			isa = PBXResourcesBuildPhase;
			buildActionMask = 2147483647;
			files = (
				81C28EA92DEF888800F7E6E5 /* Preview Assets.xcassets in Resources */,
				81C28EA62DEF888800F7E6E5 /* Assets.xcassets in Resources */,
			);
			runOnlyForDeploymentPostprocessing = 0;
		};
		81C28EAC2DEF888800F7E6E5 /* Resources */ = {
			isa = PBXResourcesBuildPhase;
			buildActionMask = 2147483647;
			files = (
			);
			runOnlyForDeploymentPostprocessing = 0;
		};
		81C28EB62DEF888800F7E6E5 /* Resources */ = {
			isa = PBXResourcesBuildPhase;
			buildActionMask = 2147483647;
			files = (
			);
			runOnlyForDeploymentPostprocessing = 0;
		};
/* End PBXResourcesBuildPhase section */

/* Begin PBXSourcesBuildPhase section */
		81C28E9A2DEF888600F7E6E5 /* Sources */ = {
			isa = PBXSourcesBuildPhase;
			buildActionMask = 2147483647;
			files = (
				81C28EF52DEF8EAE00F7E6E5 /* ArticleDetailView.swift in Sources */,
				815E32602DF0C364003E5117 /* ArticleCardView.swift in Sources */,
				81C28EF02DEF8E4800F7E6E5 /* Article.swift in Sources */,
				815E32682DF0CB76003E5117 /* LoadingIndicatorView.swift in Sources */,
				81C28EFB2DEF8EFB00F7E6E5 /* ArticleService.swift in Sources */,
				81C28EF62DEF8EAE00F7E6E5 /* ArticleListView.swift in Sources */,
				815E32662DF0CB5A003E5117 /* SkeletonView.swift in Sources */,
				81C28EA22DEF888600F7E6E5 /* SpaceFApp.swift in Sources */,
				81C28EF82DEF8EB600F7E6E5 /* ArticleListViewModel.swift in Sources */,
				815E32642DF0CB3E003E5117 /* ImagePlaceholder.swift in Sources */,
				815E32622DF0C3B4003E5117 /* ErrorView.swift in Sources */,
				81C28EFE2DEF943C00F7E6E5 /* AppError.swift in Sources */,
			);
			runOnlyForDeploymentPostprocessing = 0;
		};
		81C28EAA2DEF888800F7E6E5 /* Sources */ = {
			isa = PBXSourcesBuildPhase;
			buildActionMask = 2147483647;
			files = (
				81C28EB32DEF888800F7E6E5 /* SpaceFTests.swift in Sources */,
			);
			runOnlyForDeploymentPostprocessing = 0;
		};
		81C28EB42DEF888800F7E6E5 /* Sources */ = {
			isa = PBXSourcesBuildPhase;
			buildActionMask = 2147483647;
			files = (
				81C28EBF2DEF888800F7E6E5 /* SpaceFUITestsLaunchTests.swift in Sources */,
				81C28EBD2DEF888800F7E6E5 /* SpaceFUITests.swift in Sources */,
			);
			runOnlyForDeploymentPostprocessing = 0;
		};
/* End PBXSourcesBuildPhase section */

/* Begin PBXTargetDependency section */
		81C28EB02DEF888800F7E6E5 /* PBXTargetDependency */ = {
			isa = PBXTargetDependency;
			target = 81C28E9D2DEF888600F7E6E5 /* SpaceF */;
			targetProxy = 81C28EAF2DEF888800F7E6E5 /* PBXContainerItemProxy */;
		};
		81C28EBA2DEF888800F7E6E5 /* PBXTargetDependency */ = {
			isa = PBXTargetDependency;
			target = 81C28E9D2DEF888600F7E6E5 /* SpaceF */;
			targetProxy = 81C28EB92DEF888800F7E6E5 /* PBXContainerItemProxy */;
		};
/* End PBXTargetDependency section */

/* Begin XCBuildConfiguration section */
		81C28EC02DEF888800F7E6E5 /* Debug */ = {
			isa = XCBuildConfiguration;
			buildSettings = {
				ALWAYS_SEARCH_USER_PATHS = NO;
				ASSETCATALOG_COMPILER_GENERATE_SWIFT_ASSET_SYMBOL_EXTENSIONS = YES;
				CLANG_ANALYZER_NONNULL = YES;
				CLANG_ANALYZER_NUMBER_OBJECT_CONVERSION = YES_AGGRESSIVE;
				CLANG_CXX_LANGUAGE_STANDARD = "gnu++20";
				CLANG_ENABLE_MODULES = YES;
				CLANG_ENABLE_OBJC_ARC = YES;
				CLANG_ENABLE_OBJC_WEAK = YES;
				CLANG_WARN_BLOCK_CAPTURE_AUTORELEASING = YES;
				CLANG_WARN_BOOL_CONVERSION = YES;
				CLANG_WARN_COMMA = YES;
				CLANG_WARN_CONSTANT_CONVERSION = YES;
				CLANG_WARN_DEPRECATED_OBJC_IMPLEMENTATIONS = YES;
				CLANG_WARN_DIRECT_OBJC_ISA_USAGE = YES_ERROR;
				CLANG_WARN_DOCUMENTATION_COMMENTS = YES;
				CLANG_WARN_EMPTY_BODY = YES;
				CLANG_WARN_ENUM_CONVERSION = YES;
				CLANG_WARN_INFINITE_RECURSION = YES;
				CLANG_WARN_INT_CONVERSION = YES;
				CLANG_WARN_NON_LITERAL_NULL_CONVERSION = YES;
				CLANG_WARN_OBJC_IMPLICIT_RETAIN_SELF = YES;
				CLANG_WARN_OBJC_LITERAL_CONVERSION = YES;
				CLANG_WARN_OBJC_ROOT_CLASS = YES_ERROR;
				CLANG_WARN_QUOTED_INCLUDE_IN_FRAMEWORK_HEADER = YES;
				CLANG_WARN_RANGE_LOOP_ANALYSIS = YES;
				CLANG_WARN_STRICT_PROTOTYPES = YES;
				CLANG_WARN_SUSPICIOUS_MOVE = YES;
				CLANG_WARN_UNGUARDED_AVAILABILITY = YES_AGGRESSIVE;
				CLANG_WARN_UNREACHABLE_CODE = YES;
				CLANG_WARN__DUPLICATE_METHOD_MATCH = YES;
				COPY_PHASE_STRIP = NO;
				DEBUG_INFORMATION_FORMAT = dwarf;
				ENABLE_STRICT_OBJC_MSGSEND = YES;
				ENABLE_TESTABILITY = YES;
				ENABLE_USER_SCRIPT_SANDBOXING = YES;
				GCC_C_LANGUAGE_STANDARD = gnu17;
				GCC_DYNAMIC_NO_PIC = NO;
				GCC_NO_COMMON_BLOCKS = YES;
				GCC_OPTIMIZATION_LEVEL = 0;
				GCC_PREPROCESSOR_DEFINITIONS = (
					"DEBUG=1",
					"$(inherited)",
				);
				GCC_WARN_64_TO_32_BIT_CONVERSION = YES;
				GCC_WARN_ABOUT_RETURN_TYPE = YES_ERROR;
				GCC_WARN_UNDECLARED_SELECTOR = YES;
				GCC_WARN_UNINITIALIZED_AUTOS = YES_AGGRESSIVE;
				GCC_WARN_UNUSED_FUNCTION = YES;
				GCC_WARN_UNUSED_VARIABLE = YES;
				IPHONEOS_DEPLOYMENT_TARGET = 17.5;
				LOCALIZATION_PREFERS_STRING_CATALOGS = YES;
				MTL_ENABLE_DEBUG_INFO = INCLUDE_SOURCE;
				MTL_FAST_MATH = YES;
				ONLY_ACTIVE_ARCH = YES;
				SDKROOT = iphoneos;
				SWIFT_ACTIVE_COMPILATION_CONDITIONS = "DEBUG $(inherited)";
				SWIFT_OPTIMIZATION_LEVEL = "-Onone";
			};
			name = Debug;
		};
		81C28EC12DEF888800F7E6E5 /* Release */ = {
			isa = XCBuildConfiguration;
			buildSettings = {
				ALWAYS_SEARCH_USER_PATHS = NO;
				ASSETCATALOG_COMPILER_GENERATE_SWIFT_ASSET_SYMBOL_EXTENSIONS = YES;
				CLANG_ANALYZER_NONNULL = YES;
				CLANG_ANALYZER_NUMBER_OBJECT_CONVERSION = YES_AGGRESSIVE;
				CLANG_CXX_LANGUAGE_STANDARD = "gnu++20";
				CLANG_ENABLE_MODULES = YES;
				CLANG_ENABLE_OBJC_ARC = YES;
				CLANG_ENABLE_OBJC_WEAK = YES;
				CLANG_WARN_BLOCK_CAPTURE_AUTORELEASING = YES;
				CLANG_WARN_BOOL_CONVERSION = YES;
				CLANG_WARN_COMMA = YES;
				CLANG_WARN_CONSTANT_CONVERSION = YES;
				CLANG_WARN_DEPRECATED_OBJC_IMPLEMENTATIONS = YES;
				CLANG_WARN_DIRECT_OBJC_ISA_USAGE = YES_ERROR;
				CLANG_WARN_DOCUMENTATION_COMMENTS = YES;
				CLANG_WARN_EMPTY_BODY = YES;
				CLANG_WARN_ENUM_CONVERSION = YES;
				CLANG_WARN_INFINITE_RECURSION = YES;
				CLANG_WARN_INT_CONVERSION = YES;
				CLANG_WARN_NON_LITERAL_NULL_CONVERSION = YES;
				CLANG_WARN_OBJC_IMPLICIT_RETAIN_SELF = YES;
				CLANG_WARN_OBJC_LITERAL_CONVERSION = YES;
				CLANG_WARN_OBJC_ROOT_CLASS = YES_ERROR;
				CLANG_WARN_QUOTED_INCLUDE_IN_FRAMEWORK_HEADER = YES;
				CLANG_WARN_RANGE_LOOP_ANALYSIS = YES;
				CLANG_WARN_STRICT_PROTOTYPES = YES;
				CLANG_WARN_SUSPICIOUS_MOVE = YES;
				CLANG_WARN_UNGUARDED_AVAILABILITY = YES_AGGRESSIVE;
				CLANG_WARN_UNREACHABLE_CODE = YES;
				CLANG_WARN__DUPLICATE_METHOD_MATCH = YES;
				COPY_PHASE_STRIP = NO;
				DEBUG_INFORMATION_FORMAT = "dwarf-with-dsym";
				ENABLE_NS_ASSERTIONS = NO;
				ENABLE_STRICT_OBJC_MSGSEND = YES;
				ENABLE_USER_SCRIPT_SANDBOXING = YES;
				GCC_C_LANGUAGE_STANDARD = gnu17;
				GCC_NO_COMMON_BLOCKS = YES;
				GCC_WARN_64_TO_32_BIT_CONVERSION = YES;
				GCC_WARN_ABOUT_RETURN_TYPE = YES_ERROR;
				GCC_WARN_UNDECLARED_SELECTOR = YES;
				GCC_WARN_UNINITIALIZED_AUTOS = YES_AGGRESSIVE;
				GCC_WARN_UNUSED_FUNCTION = YES;
				GCC_WARN_UNUSED_VARIABLE = YES;
				IPHONEOS_DEPLOYMENT_TARGET = 17.5;
				LOCALIZATION_PREFERS_STRING_CATALOGS = YES;
				MTL_ENABLE_DEBUG_INFO = NO;
				MTL_FAST_MATH = YES;
				SDKROOT = iphoneos;
				SWIFT_COMPILATION_MODE = wholemodule;
				VALIDATE_PRODUCT = YES;
			};
			name = Release;
		};
		81C28EC32DEF888800F7E6E5 /* Debug */ = {
			isa = XCBuildConfiguration;
			buildSettings = {
				ASSETCATALOG_COMPILER_APPICON_NAME = AppIcon;
				ASSETCATALOG_COMPILER_GLOBAL_ACCENT_COLOR_NAME = AccentColor;
				CODE_SIGN_STYLE = Automatic;
				CURRENT_PROJECT_VERSION = 1;
				DEVELOPMENT_ASSET_PATHS = "\"SpaceF/Preview Content\"";
				DEVELOPMENT_TEAM = X6FBZPMB3Z;
				ENABLE_PREVIEWS = YES;
				GENERATE_INFOPLIST_FILE = YES;
				INFOPLIST_KEY_UIApplicationSceneManifest_Generation = YES;
				INFOPLIST_KEY_UIApplicationSupportsIndirectInputEvents = YES;
				INFOPLIST_KEY_UILaunchScreen_Generation = YES;
				INFOPLIST_KEY_UISupportedInterfaceOrientations_iPad = "UIInterfaceOrientationPortrait UIInterfaceOrientationPortraitUpsideDown UIInterfaceOrientationLandscapeLeft UIInterfaceOrientationLandscapeRight";
				INFOPLIST_KEY_UISupportedInterfaceOrientations_iPhone = "UIInterfaceOrientationPortrait UIInterfaceOrientationLandscapeLeft UIInterfaceOrientationLandscapeRight";
				LD_RUNPATH_SEARCH_PATHS = (
					"$(inherited)",
					"@executable_path/Frameworks",
				);
				MARKETING_VERSION = 1.0;
				PRODUCT_BUNDLE_IDENTIFIER = com.challenge.SpaceF;
				PRODUCT_NAME = "$(TARGET_NAME)";
				SWIFT_EMIT_LOC_STRINGS = YES;
				SWIFT_VERSION = 5.0;
				TARGETED_DEVICE_FAMILY = "1,2";
			};
			name = Debug;
		};
		81C28EC42DEF888800F7E6E5 /* Release */ = {
			isa = XCBuildConfiguration;
			buildSettings = {
				ASSETCATALOG_COMPILER_APPICON_NAME = AppIcon;
				ASSETCATALOG_COMPILER_GLOBAL_ACCENT_COLOR_NAME = AccentColor;
				CODE_SIGN_STYLE = Automatic;
				CURRENT_PROJECT_VERSION = 1;
				DEVELOPMENT_ASSET_PATHS = "\"SpaceF/Preview Content\"";
				DEVELOPMENT_TEAM = X6FBZPMB3Z;
				ENABLE_PREVIEWS = YES;
				GENERATE_INFOPLIST_FILE = YES;
				INFOPLIST_KEY_UIApplicationSceneManifest_Generation = YES;
				INFOPLIST_KEY_UIApplicationSupportsIndirectInputEvents = YES;
				INFOPLIST_KEY_UILaunchScreen_Generation = YES;
				INFOPLIST_KEY_UISupportedInterfaceOrientations_iPad = "UIInterfaceOrientationPortrait UIInterfaceOrientationPortraitUpsideDown UIInterfaceOrientationLandscapeLeft UIInterfaceOrientationLandscapeRight";
				INFOPLIST_KEY_UISupportedInterfaceOrientations_iPhone = "UIInterfaceOrientationPortrait UIInterfaceOrientationLandscapeLeft UIInterfaceOrientationLandscapeRight";
				LD_RUNPATH_SEARCH_PATHS = (
					"$(inherited)",
					"@executable_path/Frameworks",
				);
				MARKETING_VERSION = 1.0;
				PRODUCT_BUNDLE_IDENTIFIER = com.challenge.SpaceF;
				PRODUCT_NAME = "$(TARGET_NAME)";
				SWIFT_EMIT_LOC_STRINGS = YES;
				SWIFT_VERSION = 5.0;
				TARGETED_DEVICE_FAMILY = "1,2";
			};
			name = Release;
		};
		81C28EC62DEF888800F7E6E5 /* Debug */ = {
			isa = XCBuildConfiguration;
			buildSettings = {
				ALWAYS_EMBED_SWIFT_STANDARD_LIBRARIES = YES;
				BUNDLE_LOADER = "$(TEST_HOST)";
				CODE_SIGN_STYLE = Automatic;
				CURRENT_PROJECT_VERSION = 1;
				DEVELOPMENT_TEAM = X6FBZPMB3Z;
				GENERATE_INFOPLIST_FILE = YES;
				IPHONEOS_DEPLOYMENT_TARGET = 17.5;
				MARKETING_VERSION = 1.0;
				PRODUCT_BUNDLE_IDENTIFIER = com.challenge.SpaceFTests;
				PRODUCT_NAME = "$(TARGET_NAME)";
				SWIFT_EMIT_LOC_STRINGS = NO;
				SWIFT_VERSION = 5.0;
				TARGETED_DEVICE_FAMILY = "1,2";
				TEST_HOST = "$(BUILT_PRODUCTS_DIR)/SpaceF.app/$(BUNDLE_EXECUTABLE_FOLDER_PATH)/SpaceF";
			};
			name = Debug;
		};
		81C28EC72DEF888800F7E6E5 /* Release */ = {
			isa = XCBuildConfiguration;
			buildSettings = {
				ALWAYS_EMBED_SWIFT_STANDARD_LIBRARIES = YES;
				BUNDLE_LOADER = "$(TEST_HOST)";
				CODE_SIGN_STYLE = Automatic;
				CURRENT_PROJECT_VERSION = 1;
				DEVELOPMENT_TEAM = X6FBZPMB3Z;
				GENERATE_INFOPLIST_FILE = YES;
				IPHONEOS_DEPLOYMENT_TARGET = 17.5;
				MARKETING_VERSION = 1.0;
				PRODUCT_BUNDLE_IDENTIFIER = com.challenge.SpaceFTests;
				PRODUCT_NAME = "$(TARGET_NAME)";
				SWIFT_EMIT_LOC_STRINGS = NO;
				SWIFT_VERSION = 5.0;
				TARGETED_DEVICE_FAMILY = "1,2";
				TEST_HOST = "$(BUILT_PRODUCTS_DIR)/SpaceF.app/$(BUNDLE_EXECUTABLE_FOLDER_PATH)/SpaceF";
			};
			name = Release;
		};
		81C28EC92DEF888800F7E6E5 /* Debug */ = {
			isa = XCBuildConfiguration;
			buildSettings = {
				ALWAYS_EMBED_SWIFT_STANDARD_LIBRARIES = YES;
				CODE_SIGN_STYLE = Automatic;
				CURRENT_PROJECT_VERSION = 1;
				DEVELOPMENT_TEAM = X6FBZPMB3Z;
				GENERATE_INFOPLIST_FILE = YES;
				MARKETING_VERSION = 1.0;
				PRODUCT_BUNDLE_IDENTIFIER = com.challenge.SpaceFUITests;
				PRODUCT_NAME = "$(TARGET_NAME)";
				SWIFT_EMIT_LOC_STRINGS = NO;
				SWIFT_VERSION = 5.0;
				TARGETED_DEVICE_FAMILY = "1,2";
				TEST_TARGET_NAME = SpaceF;
			};
			name = Debug;
		};
		81C28ECA2DEF888800F7E6E5 /* Release */ = {
			isa = XCBuildConfiguration;
			buildSettings = {
				ALWAYS_EMBED_SWIFT_STANDARD_LIBRARIES = YES;
				CODE_SIGN_STYLE = Automatic;
				CURRENT_PROJECT_VERSION = 1;
				DEVELOPMENT_TEAM = X6FBZPMB3Z;
				GENERATE_INFOPLIST_FILE = YES;
				MARKETING_VERSION = 1.0;
				PRODUCT_BUNDLE_IDENTIFIER = com.challenge.SpaceFUITests;
				PRODUCT_NAME = "$(TARGET_NAME)";
				SWIFT_EMIT_LOC_STRINGS = NO;
				SWIFT_VERSION = 5.0;
				TARGETED_DEVICE_FAMILY = "1,2";
				TEST_TARGET_NAME = SpaceF;
			};
			name = Release;
		};
/* End XCBuildConfiguration section */

/* Begin XCConfigurationList section */
		81C28E992DEF888600F7E6E5 /* Build configuration list for PBXProject "SpaceF" */ = {
			isa = XCConfigurationList;
			buildConfigurations = (
				81C28EC02DEF888800F7E6E5 /* Debug */,
				81C28EC12DEF888800F7E6E5 /* Release */,
			);
			defaultConfigurationIsVisible = 0;
			defaultConfigurationName = Release;
		};
		81C28EC22DEF888800F7E6E5 /* Build configuration list for PBXNativeTarget "SpaceF" */ = {
			isa = XCConfigurationList;
			buildConfigurations = (
				81C28EC32DEF888800F7E6E5 /* Debug */,
				81C28EC42DEF888800F7E6E5 /* Release */,
			);
			defaultConfigurationIsVisible = 0;
			defaultConfigurationName = Release;
		};
		81C28EC52DEF888800F7E6E5 /* Build configuration list for PBXNativeTarget "SpaceFTests" */ = {
			isa = XCConfigurationList;
			buildConfigurations = (
				81C28EC62DEF888800F7E6E5 /* Debug */,
				81C28EC72DEF888800F7E6E5 /* Release */,
			);
			defaultConfigurationIsVisible = 0;
			defaultConfigurationName = Release;
		};
		81C28EC82DEF888800F7E6E5 /* Build configuration list for PBXNativeTarget "SpaceFUITests" */ = {
			isa = XCConfigurationList;
			buildConfigurations = (
				81C28EC92DEF888800F7E6E5 /* Debug */,
				81C28ECA2DEF888800F7E6E5 /* Release */,
			);
			defaultConfigurationIsVisible = 0;
			defaultConfigurationName = Release;
		};
/* End XCConfigurationList section */
	};
	rootObject = 81C28E962DEF888600F7E6E5 /* Project object */;
}
